// !$*UTF8*$!
{
	archiveVersion = 1;
	classes = {
	};
	objectVersion = 77;
	objects = {

/* Begin PBXBuildFile section */
		02E53915747F174ABBB8E768 /* ScanEventStore.swift in Sources */ = {isa = PBXBuildFile; fileRef = 5D29B6BD9552D03A4A5BC207 /* ScanEventStore.swift */; };
		0408E52D4B5F6D0A7B427E22 /* BinAnnouncer.swift in Sources */ = {isa = PBXBuildFile; fileRef = 659DE3BDCF016D43B58F6F27 /* BinAnnouncer.swift */; };
		1429741E68F76B9F0D14BEDC /* SortingKit in Frameworks */ = {isa = PBXBuildFile; productRef = 93A862A07C8CEB73F644F9E1 /* SortingKit */; };
		1919B9C82284B6125E9F99ED /* KioskLifecycle.swift in Sources */ = {isa = PBXBuildFile; fileRef = 8F3860719E6009F315FAAF0F /* KioskLifecycle.swift */; };
		1DAEB0683FCE1ADC3AC0CE9F /* ThroughputChart.swift in Sources */ = {isa = PBXBuildFile; fileRef = E7F907EEC15961BAF760E0BC /* ThroughputChart.swift */; };
		203A8A858586090FAD0D28F1 /* VisionPresenceDetector.swift in Sources */ = {isa = PBXBuildFile; fileRef = D19D880814FA6D4F37A0F991 /* VisionPresenceDetector.swift */; };
		235FAF15D52324B0E57297AE /* CameraPreviewView.swift in Sources */ = {isa = PBXBuildFile; fileRef = 47E51E8FC74D4A9B67C712A3 /* CameraPreviewView.swift */; };
		375F858030464CEE224B1DA9 /* CSVExport.swift in Sources */ = {isa = PBXBuildFile; fileRef = F435C26054823A22E4185EF0 /* CSVExport.swift */; };
		5B9D628A36014BD41FBED883 /* StartupFailureScreen.swift in Sources */ = {isa = PBXBuildFile; fileRef = 430CC6B74D486153488EC620 /* StartupFailureScreen.swift */; };
		5C92D5B1936D7A70F0FC92DB /* FrameBudget.swift in Sources */ = {isa = PBXBuildFile; fileRef = DB5591BB64B2792710F1C654 /* FrameBudget.swift */; };
		5EA7D3D414220EAE72E2AB53 /* PresentedDecision.swift in Sources */ = {isa = PBXBuildFile; fileRef = D0551A83771BC199F3BFAC0B /* PresentedDecision.swift */; };
		6E1E648F3156109387417E45 /* FoundationModelPerception.swift in Sources */ = {isa = PBXBuildFile; fileRef = 910145F44C3DBBB60FD30F24 /* FoundationModelPerception.swift */; };
		7A7C104698CC6D09846AE8A8 /* PermissionScreen.swift in Sources */ = {isa = PBXBuildFile; fileRef = 17E6E1D28694AAD34C37E64A /* PermissionScreen.swift */; };
		7DEECFBECD452AB131F72E6E /* ScanCoordinator.swift in Sources */ = {isa = PBXBuildFile; fileRef = 912770F1064816C84983F792 /* ScanCoordinator.swift */; };
		878786C8937EC29AB5A67E87 /* VisionKeywordPerception.swift in Sources */ = {isa = PBXBuildFile; fileRef = 2CFAC52299B7CEEC8F7231B7 /* VisionKeywordPerception.swift */; };
		89D9F562E6F81AFABDEE93FC /* ScanEventRecord.swift in Sources */ = {isa = PBXBuildFile; fileRef = C7365CF00651ECC9DF5EA4F9 /* ScanEventRecord.swift */; };
		8FE65F0C301CEE161B1749B9 /* BinOverlay.swift in Sources */ = {isa = PBXBuildFile; fileRef = BEB05D759D28473DE8422F23 /* BinOverlay.swift */; };
		9668637BA2B4B44F6A55514C /* LegacyRecordImporter.swift in Sources */ = {isa = PBXBuildFile; fileRef = EFFCF46F19CE4B02E01B4D76 /* LegacyRecordImporter.swift */; };
		A537691CB86AF61A786B9307 /* StationIdentity.swift in Sources */ = {isa = PBXBuildFile; fileRef = 3D452EB2FBFBC102124DBC32 /* StationIdentity.swift */; };
		ACE1438E05824082B738C01F /* ECOdysseyApp.swift in Sources */ = {isa = PBXBuildFile; fileRef = 11CD8CA22278410E16009BEC /* ECOdysseyApp.swift */; };
		B49CF5DB84146D6E5A17E92F /* AppEnvironment.swift in Sources */ = {isa = PBXBuildFile; fileRef = 59E9EBEFEACCC95FE98B6011 /* AppEnvironment.swift */; };
		B9E79258BCDC8D7D639D3AAE /* CameraSession.swift in Sources */ = {isa = PBXBuildFile; fileRef = 43E22E77E3B087E85B6BEBC2 /* CameraSession.swift */; };
		BC67DDB0A499A5C1B614C75E /* PerceptionFrame.swift in Sources */ = {isa = PBXBuildFile; fileRef = B1537B807843E75632E2F641 /* PerceptionFrame.swift */; };
		C336ADFA09D0682A989CB3BA /* ScannerScreen.swift in Sources */ = {isa = PBXBuildFile; fileRef = 37A736CF748216ECB781AA07 /* ScannerScreen.swift */; };
		DB04A2E52653BB35A7B5F692 /* DecisionCard.swift in Sources */ = {isa = PBXBuildFile; fileRef = EE08FC8AA2A2708D0098E69E /* DecisionCard.swift */; };
		E23713A5F453ED4DA5B2A37F /* AnalyticsScreen.swift in Sources */ = {isa = PBXBuildFile; fileRef = D8E3EC1FBFD7AEAD4A3AE731 /* AnalyticsScreen.swift */; };
		F951BE5E5DCDC83418183E18 /* Color+Hex.swift in Sources */ = {isa = PBXBuildFile; fileRef = 2AE46FBEB1AA89C19AF2567D /* Color+Hex.swift */; };
/* End PBXBuildFile section */

/* Begin PBXFileReference section */
		11CD8CA22278410E16009BEC /* ECOdysseyApp.swift */ = {isa = PBXFileReference; lastKnownFileType = sourcecode.swift; path = ECOdysseyApp.swift; sourceTree = "<group>"; };
		17E6E1D28694AAD34C37E64A /* PermissionScreen.swift */ = {isa = PBXFileReference; lastKnownFileType = sourcecode.swift; path = PermissionScreen.swift; sourceTree = "<group>"; };
		2AE46FBEB1AA89C19AF2567D /* Color+Hex.swift */ = {isa = PBXFileReference; lastKnownFileType = sourcecode.swift; path = "Color+Hex.swift"; sourceTree = "<group>"; };
		2CFAC52299B7CEEC8F7231B7 /* VisionKeywordPerception.swift */ = {isa = PBXFileReference; lastKnownFileType = sourcecode.swift; path = VisionKeywordPerception.swift; sourceTree = "<group>"; };
		37A736CF748216ECB781AA07 /* ScannerScreen.swift */ = {isa = PBXFileReference; lastKnownFileType = sourcecode.swift; path = ScannerScreen.swift; sourceTree = "<group>"; };
		3D452EB2FBFBC102124DBC32 /* StationIdentity.swift */ = {isa = PBXFileReference; lastKnownFileType = sourcecode.swift; path = StationIdentity.swift; sourceTree = "<group>"; };
		430CC6B74D486153488EC620 /* StartupFailureScreen.swift */ = {isa = PBXFileReference; lastKnownFileType = sourcecode.swift; path = StartupFailureScreen.swift; sourceTree = "<group>"; };
		43E22E77E3B087E85B6BEBC2 /* CameraSession.swift */ = {isa = PBXFileReference; lastKnownFileType = sourcecode.swift; path = CameraSession.swift; sourceTree = "<group>"; };
		47E51E8FC74D4A9B67C712A3 /* CameraPreviewView.swift */ = {isa = PBXFileReference; lastKnownFileType = sourcecode.swift; path = CameraPreviewView.swift; sourceTree = "<group>"; };
		59ABE3554819FE12183906FB /* ECOdyssey.app */ = {isa = PBXFileReference; includeInIndex = 0; lastKnownFileType = wrapper.application; path = ECOdyssey.app; sourceTree = BUILT_PRODUCTS_DIR; };
		59E9EBEFEACCC95FE98B6011 /* AppEnvironment.swift */ = {isa = PBXFileReference; lastKnownFileType = sourcecode.swift; path = AppEnvironment.swift; sourceTree = "<group>"; };
		5D29B6BD9552D03A4A5BC207 /* ScanEventStore.swift */ = {isa = PBXFileReference; lastKnownFileType = sourcecode.swift; path = ScanEventStore.swift; sourceTree = "<group>"; };
		659DE3BDCF016D43B58F6F27 /* BinAnnouncer.swift */ = {isa = PBXFileReference; lastKnownFileType = sourcecode.swift; path = BinAnnouncer.swift; sourceTree = "<group>"; };
		8BA368976440E76C0DE04E89 /* Info.plist */ = {isa = PBXFileReference; lastKnownFileType = text.plist; path = Info.plist; sourceTree = "<group>"; };
		8F3860719E6009F315FAAF0F /* KioskLifecycle.swift */ = {isa = PBXFileReference; lastKnownFileType = sourcecode.swift; path = KioskLifecycle.swift; sourceTree = "<group>"; };
		910145F44C3DBBB60FD30F24 /* FoundationModelPerception.swift */ = {isa = PBXFileReference; lastKnownFileType = sourcecode.swift; path = FoundationModelPerception.swift; sourceTree = "<group>"; };
		912770F1064816C84983F792 /* ScanCoordinator.swift */ = {isa = PBXFileReference; lastKnownFileType = sourcecode.swift; path = ScanCoordinator.swift; sourceTree = "<group>"; };
		B1537B807843E75632E2F641 /* PerceptionFrame.swift */ = {isa = PBXFileReference; lastKnownFileType = sourcecode.swift; path = PerceptionFrame.swift; sourceTree = "<group>"; };
		BEB05D759D28473DE8422F23 /* BinOverlay.swift */ = {isa = PBXFileReference; lastKnownFileType = sourcecode.swift; path = BinOverlay.swift; sourceTree = "<group>"; };
		C7365CF00651ECC9DF5EA4F9 /* ScanEventRecord.swift */ = {isa = PBXFileReference; lastKnownFileType = sourcecode.swift; path = ScanEventRecord.swift; sourceTree = "<group>"; };
		D0551A83771BC199F3BFAC0B /* PresentedDecision.swift */ = {isa = PBXFileReference; lastKnownFileType = sourcecode.swift; path = PresentedDecision.swift; sourceTree = "<group>"; };
		D19D880814FA6D4F37A0F991 /* VisionPresenceDetector.swift */ = {isa = PBXFileReference; lastKnownFileType = sourcecode.swift; path = VisionPresenceDetector.swift; sourceTree = "<group>"; };
		D8E3EC1FBFD7AEAD4A3AE731 /* AnalyticsScreen.swift */ = {isa = PBXFileReference; lastKnownFileType = sourcecode.swift; path = AnalyticsScreen.swift; sourceTree = "<group>"; };
		DB5591BB64B2792710F1C654 /* FrameBudget.swift */ = {isa = PBXFileReference; lastKnownFileType = sourcecode.swift; path = FrameBudget.swift; sourceTree = "<group>"; };
		E7F907EEC15961BAF760E0BC /* ThroughputChart.swift */ = {isa = PBXFileReference; lastKnownFileType = sourcecode.swift; path = ThroughputChart.swift; sourceTree = "<group>"; };
		EE08FC8AA2A2708D0098E69E /* DecisionCard.swift */ = {isa = PBXFileReference; lastKnownFileType = sourcecode.swift; path = DecisionCard.swift; sourceTree = "<group>"; };
		EFFCF46F19CE4B02E01B4D76 /* LegacyRecordImporter.swift */ = {isa = PBXFileReference; lastKnownFileType = sourcecode.swift; path = LegacyRecordImporter.swift; sourceTree = "<group>"; };
		F0DA1704E343A4054CB1D5C7 /* SortingKit */ = {isa = PBXFileReference; lastKnownFileType = folder; name = SortingKit; path = Packages/SortingKit; sourceTree = SOURCE_ROOT; };
		F435C26054823A22E4185EF0 /* CSVExport.swift */ = {isa = PBXFileReference; lastKnownFileType = sourcecode.swift; path = CSVExport.swift; sourceTree = "<group>"; };
/* End PBXFileReference section */

/* Begin PBXFrameworksBuildPhase section */
		8B165620988BF159055A93F7 /* Frameworks */ = {
			isa = PBXFrameworksBuildPhase;
			buildActionMask = 2147483647;
			files = (
				1429741E68F76B9F0D14BEDC /* SortingKit in Frameworks */,
			);
			runOnlyForDeploymentPostprocessing = 0;
		};
/* End PBXFrameworksBuildPhase section */

/* Begin PBXGroup section */
		07FA1D9F6C2D924F4B5E600F /* Sources */ = {
			isa = PBXGroup;
			children = (
				8BA368976440E76C0DE04E89 /* Info.plist */,
				57DBB88A4AF704D39C5D5273 /* App */,
				DB277B89CD1616EB5075D139 /* Capture */,
				45B7038139AB280C8E0B30B2 /* Perception */,
				AE40B9AC66917558BF2AB2CF /* Persistence */,
				6624ED8B03077621DF0C7B2A /* Scanning */,
				FA945B17E07A40B8AFC7D7D8 /* Speech */,
				93800AACCCAFD3BA4F13DBEC /* UI */,
			);
			path = Sources;
			sourceTree = "<group>";
		};
		45B7038139AB280C8E0B30B2 /* Perception */ = {
			isa = PBXGroup;
			children = (
				910145F44C3DBBB60FD30F24 /* FoundationModelPerception.swift */,
				B1537B807843E75632E2F641 /* PerceptionFrame.swift */,
				2CFAC52299B7CEEC8F7231B7 /* VisionKeywordPerception.swift */,
				D19D880814FA6D4F37A0F991 /* VisionPresenceDetector.swift */,
			);
			path = Perception;
			sourceTree = "<group>";
		};
		57DBB88A4AF704D39C5D5273 /* App */ = {
			isa = PBXGroup;
			children = (
				59E9EBEFEACCC95FE98B6011 /* AppEnvironment.swift */,
				11CD8CA22278410E16009BEC /* ECOdysseyApp.swift */,
				8F3860719E6009F315FAAF0F /* KioskLifecycle.swift */,
				3D452EB2FBFBC102124DBC32 /* StationIdentity.swift */,
			);
			path = App;
			sourceTree = "<group>";
		};
		6624ED8B03077621DF0C7B2A /* Scanning */ = {
			isa = PBXGroup;
			children = (
				D0551A83771BC199F3BFAC0B /* PresentedDecision.swift */,
				912770F1064816C84983F792 /* ScanCoordinator.swift */,
			);
			path = Scanning;
			sourceTree = "<group>";
		};
		93800AACCCAFD3BA4F13DBEC /* UI */ = {
			isa = PBXGroup;
			children = (
				D8E3EC1FBFD7AEAD4A3AE731 /* AnalyticsScreen.swift */,
				BEB05D759D28473DE8422F23 /* BinOverlay.swift */,
				2AE46FBEB1AA89C19AF2567D /* Color+Hex.swift */,
				EE08FC8AA2A2708D0098E69E /* DecisionCard.swift */,
				17E6E1D28694AAD34C37E64A /* PermissionScreen.swift */,
				37A736CF748216ECB781AA07 /* ScannerScreen.swift */,
				430CC6B74D486153488EC620 /* StartupFailureScreen.swift */,
				E7F907EEC15961BAF760E0BC /* ThroughputChart.swift */,
			);
			path = UI;
			sourceTree = "<group>";
		};
		A3A173DEC1C6288ED57540EA = {
			isa = PBXGroup;
			children = (
				A890FD72541A92681A6A2FEC /* Packages */,
				07FA1D9F6C2D924F4B5E600F /* Sources */,
				CD6A7ADD1DE420A6007455C2 /* Products */,
			);
			sourceTree = "<group>";
		};
		A890FD72541A92681A6A2FEC /* Packages */ = {
			isa = PBXGroup;
			children = (
				F0DA1704E343A4054CB1D5C7 /* SortingKit */,
			);
			path = Packages;
			sourceTree = "<group>";
		};
		AE40B9AC66917558BF2AB2CF /* Persistence */ = {
			isa = PBXGroup;
			children = (
				F435C26054823A22E4185EF0 /* CSVExport.swift */,
				EFFCF46F19CE4B02E01B4D76 /* LegacyRecordImporter.swift */,
				C7365CF00651ECC9DF5EA4F9 /* ScanEventRecord.swift */,
				5D29B6BD9552D03A4A5BC207 /* ScanEventStore.swift */,
			);
			path = Persistence;
			sourceTree = "<group>";
		};
		CD6A7ADD1DE420A6007455C2 /* Products */ = {
			isa = PBXGroup;
			children = (
				59ABE3554819FE12183906FB /* ECOdyssey.app */,
			);
			name = Products;
			sourceTree = "<group>";
		};
		DB277B89CD1616EB5075D139 /* Capture */ = {
			isa = PBXGroup;
			children = (
				47E51E8FC74D4A9B67C712A3 /* CameraPreviewView.swift */,
				43E22E77E3B087E85B6BEBC2 /* CameraSession.swift */,
				DB5591BB64B2792710F1C654 /* FrameBudget.swift */,
			);
			path = Capture;
			sourceTree = "<group>";
		};
		FA945B17E07A40B8AFC7D7D8 /* Speech */ = {
			isa = PBXGroup;
			children = (
				659DE3BDCF016D43B58F6F27 /* BinAnnouncer.swift */,
			);
			path = Speech;
			sourceTree = "<group>";
		};
/* End PBXGroup section */

/* Begin PBXNativeTarget section */
		6787BD2B9875051241E042DF /* ECOdyssey */ = {
			isa = PBXNativeTarget;
			buildConfigurationList = 0E279C8C10FD6341CF9CDB0F /* Build configuration list for PBXNativeTarget "ECOdyssey" */;
			buildPhases = (
				F2D7AE07ABCD7FD1A6C13915 /* Sources */,
				8B165620988BF159055A93F7 /* Frameworks */,
			);
			buildRules = (
			);
			dependencies = (
			);
			name = ECOdyssey;
			packageProductDependencies = (
				93A862A07C8CEB73F644F9E1 /* SortingKit */,
			);
			productName = ECOdyssey;
			productReference = 59ABE3554819FE12183906FB /* ECOdyssey.app */;
			productType = "com.apple.product-type.application";
		};
/* End PBXNativeTarget section */

/* Begin PBXProject section */
		13D04813E5F26D2BDEDD86B1 /* Project object */ = {
			isa = PBXProject;
			attributes = {
				BuildIndependentTargetsInParallel = YES;
				LastUpgradeCheck = 1430;
				TargetAttributes = {
					6787BD2B9875051241E042DF = {
						DevelopmentTeam = BD8SA4X398;
					};
				};
			};
			buildConfigurationList = E97C6F348577634E589CE5A4 /* Build configuration list for PBXProject "ECOdyssey" */;
			developmentRegion = en;
			hasScannedForEncodings = 0;
			knownRegions = (
				Base,
				en,
			);
			mainGroup = A3A173DEC1C6288ED57540EA;
			minimizedProjectReferenceProxies = 1;
			packageReferences = (
				085B5459F9A35FFCF7867D2F /* XCLocalSwiftPackageReference "Packages/SortingKit" */,
			);
			preferredProjectObjectVersion = 77;
			productRefGroup = CD6A7ADD1DE420A6007455C2 /* Products */;
			projectDirPath = "";
			projectRoot = "";
			targets = (
				6787BD2B9875051241E042DF /* ECOdyssey */,
			);
		};
/* End PBXProject section */

/* Begin PBXSourcesBuildPhase section */
		F2D7AE07ABCD7FD1A6C13915 /* Sources */ = {
			isa = PBXSourcesBuildPhase;
			buildActionMask = 2147483647;
			files = (
				E23713A5F453ED4DA5B2A37F /* AnalyticsScreen.swift in Sources */,
				B49CF5DB84146D6E5A17E92F /* AppEnvironment.swift in Sources */,
				0408E52D4B5F6D0A7B427E22 /* BinAnnouncer.swift in Sources */,
				8FE65F0C301CEE161B1749B9 /* BinOverlay.swift in Sources */,
				375F858030464CEE224B1DA9 /* CSVExport.swift in Sources */,
				235FAF15D52324B0E57297AE /* CameraPreviewView.swift in Sources */,
				B9E79258BCDC8D7D639D3AAE /* CameraSession.swift in Sources */,
				F951BE5E5DCDC83418183E18 /* Color+Hex.swift in Sources */,
				DB04A2E52653BB35A7B5F692 /* DecisionCard.swift in Sources */,
				ACE1438E05824082B738C01F /* ECOdysseyApp.swift in Sources */,
				6E1E648F3156109387417E45 /* FoundationModelPerception.swift in Sources */,
				5C92D5B1936D7A70F0FC92DB /* FrameBudget.swift in Sources */,
				1919B9C82284B6125E9F99ED /* KioskLifecycle.swift in Sources */,
				9668637BA2B4B44F6A55514C /* LegacyRecordImporter.swift in Sources */,
				BC67DDB0A499A5C1B614C75E /* PerceptionFrame.swift in Sources */,
				7A7C104698CC6D09846AE8A8 /* PermissionScreen.swift in Sources */,
				5EA7D3D414220EAE72E2AB53 /* PresentedDecision.swift in Sources */,
				7DEECFBECD452AB131F72E6E /* ScanCoordinator.swift in Sources */,
				89D9F562E6F81AFABDEE93FC /* ScanEventRecord.swift in Sources */,
				02E53915747F174ABBB8E768 /* ScanEventStore.swift in Sources */,
				C336ADFA09D0682A989CB3BA /* ScannerScreen.swift in Sources */,
				5B9D628A36014BD41FBED883 /* StartupFailureScreen.swift in Sources */,
				A537691CB86AF61A786B9307 /* StationIdentity.swift in Sources */,
				1DAEB0683FCE1ADC3AC0CE9F /* ThroughputChart.swift in Sources */,
				878786C8937EC29AB5A67E87 /* VisionKeywordPerception.swift in Sources */,
				203A8A858586090FAD0D28F1 /* VisionPresenceDetector.swift in Sources */,
			);
			runOnlyForDeploymentPostprocessing = 0;
		};
/* End PBXSourcesBuildPhase section */

/* Begin XCBuildConfiguration section */
		0474651907DF51F358291942 /* Release */ = {
			isa = XCBuildConfiguration;
			buildSettings = {
				ALWAYS_SEARCH_USER_PATHS = NO;
				CLANG_ANALYZER_NONNULL = YES;
				CLANG_ANALYZER_NUMBER_OBJECT_CONVERSION = YES_AGGRESSIVE;
				CLANG_CXX_LANGUAGE_STANDARD = "gnu++14";
				CLANG_CXX_LIBRARY = "libc++";
				CLANG_ENABLE_MODULES = YES;
				CLANG_ENABLE_OBJC_ARC = YES;
				CLANG_ENABLE_OBJC_WEAK = YES;
				CLANG_WARN_BLOCK_CAPTURE_AUTORELEASING = YES;
				CLANG_WARN_BOOL_CONVERSION = YES;
				CLANG_WARN_COMMA = YES;
				CLANG_WARN_CONSTANT_CONVERSION = YES;
				CLANG_WARN_DEPRECATED_OBJC_IMPLEMENTATIONS = YES;
				CLANG_WARN_DIRECT_OBJC_ISA_USAGE = YES_ERROR;
				CLANG_WARN_DOCUMENTATION_COMMENTS = YES;
				CLANG_WARN_EMPTY_BODY = YES;
				CLANG_WARN_ENUM_CONVERSION = YES;
				CLANG_WARN_INFINITE_RECURSION = YES;
				CLANG_WARN_INT_CONVERSION = YES;
				CLANG_WARN_NON_LITERAL_NULL_CONVERSION = YES;
				CLANG_WARN_OBJC_IMPLICIT_RETAIN_SELF = YES;
				CLANG_WARN_OBJC_LITERAL_CONVERSION = YES;
				CLANG_WARN_OBJC_ROOT_CLASS = YES_ERROR;
				CLANG_WARN_QUOTED_INCLUDE_IN_FRAMEWORK_HEADER = YES;
				CLANG_WARN_RANGE_LOOP_ANALYSIS = YES;
				CLANG_WARN_STRICT_PROTOTYPES = YES;
				CLANG_WARN_SUSPICIOUS_MOVE = YES;
				CLANG_WARN_UNGUARDED_AVAILABILITY = YES_AGGRESSIVE;
				CLANG_WARN_UNREACHABLE_CODE = YES;
				CLANG_WARN__DUPLICATE_METHOD_MATCH = YES;
				COPY_PHASE_STRIP = NO;
				DEBUG_INFORMATION_FORMAT = "dwarf-with-dsym";
				ENABLE_NS_ASSERTIONS = NO;
				ENABLE_STRICT_OBJC_MSGSEND = YES;
				GCC_C_LANGUAGE_STANDARD = gnu11;
				GCC_NO_COMMON_BLOCKS = YES;
				GCC_WARN_64_TO_32_BIT_CONVERSION = YES;
				GCC_WARN_ABOUT_RETURN_TYPE = YES_ERROR;
				GCC_WARN_UNDECLARED_SELECTOR = YES;
				GCC_WARN_UNINITIALIZED_AUTOS = YES_AGGRESSIVE;
				GCC_WARN_UNUSED_FUNCTION = YES;
				GCC_WARN_UNUSED_VARIABLE = YES;
				MTL_ENABLE_DEBUG_INFO = NO;
				MTL_FAST_MATH = YES;
				PRODUCT_NAME = "$(TARGET_NAME)";
				SDKROOT = iphoneos;
				SWIFT_COMPILATION_MODE = wholemodule;
				SWIFT_OPTIMIZATION_LEVEL = "-O";
				SWIFT_VERSION = 5.0;
			};
			name = Release;
		};
		97024D0A22669B77A8AA18E5 /* Debug */ = {
			isa = XCBuildConfiguration;
			buildSettings = {
				ASSETCATALOG_COMPILER_APPICON_NAME = AppIcon;
				CODE_SIGN_IDENTITY = "iPhone Developer";
				DEVELOPMENT_TEAM = BD8SA4X398;
				INFOPLIST_FILE = Sources/Info.plist;
				IPHONEOS_DEPLOYMENT_TARGET = 26.0;
				LD_RUNPATH_SEARCH_PATHS = (
					"$(inherited)",
					"@executable_path/Frameworks",
				);
				PRODUCT_BUNDLE_IDENTIFIER = com.mohamedmorad.ECOdyssey;
				SDKROOT = iphoneos;
				SWIFT_STRICT_CONCURRENCY = complete;
				SWIFT_VERSION = 6.0;
				TARGETED_DEVICE_FAMILY = "1,2";
			};
			name = Debug;
		};
		EA3AD9DA3A681AA164B62985 /* Debug */ = {
			isa = XCBuildConfiguration;
			buildSettings = {
				ALWAYS_SEARCH_USER_PATHS = NO;
				CLANG_ANALYZER_NONNULL = YES;
				CLANG_ANALYZER_NUMBER_OBJECT_CONVERSION = YES_AGGRESSIVE;
				CLANG_CXX_LANGUAGE_STANDARD = "gnu++14";
				CLANG_CXX_LIBRARY = "libc++";
				CLANG_ENABLE_MODULES = YES;
				CLANG_ENABLE_OBJC_ARC = YES;
				CLANG_ENABLE_OBJC_WEAK = YES;
				CLANG_WARN_BLOCK_CAPTURE_AUTORELEASING = YES;
				CLANG_WARN_BOOL_CONVERSION = YES;
				CLANG_WARN_COMMA = YES;
				CLANG_WARN_CONSTANT_CONVERSION = YES;
				CLANG_WARN_DEPRECATED_OBJC_IMPLEMENTATIONS = YES;
				CLANG_WARN_DIRECT_OBJC_ISA_USAGE = YES_ERROR;
				CLANG_WARN_DOCUMENTATION_COMMENTS = YES;
				CLANG_WARN_EMPTY_BODY = YES;
				CLANG_WARN_ENUM_CONVERSION = YES;
				CLANG_WARN_INFINITE_RECURSION = YES;
				CLANG_WARN_INT_CONVERSION = YES;
				CLANG_WARN_NON_LITERAL_NULL_CONVERSION = YES;
				CLANG_WARN_OBJC_IMPLICIT_RETAIN_SELF = YES;
				CLANG_WARN_OBJC_LITERAL_CONVERSION = YES;
				CLANG_WARN_OBJC_ROOT_CLASS = YES_ERROR;
				CLANG_WARN_QUOTED_INCLUDE_IN_FRAMEWORK_HEADER = YES;
				CLANG_WARN_RANGE_LOOP_ANALYSIS = YES;
				CLANG_WARN_STRICT_PROTOTYPES = YES;
				CLANG_WARN_SUSPICIOUS_MOVE = YES;
				CLANG_WARN_UNGUARDED_AVAILABILITY = YES_AGGRESSIVE;
				CLANG_WARN_UNREACHABLE_CODE = YES;
				CLANG_WARN__DUPLICATE_METHOD_MATCH = YES;
				COPY_PHASE_STRIP = NO;
				DEBUG_INFORMATION_FORMAT = dwarf;
				ENABLE_STRICT_OBJC_MSGSEND = YES;
				ENABLE_TESTABILITY = YES;
				GCC_C_LANGUAGE_STANDARD = gnu11;
				GCC_DYNAMIC_NO_PIC = NO;
				GCC_NO_COMMON_BLOCKS = YES;
				GCC_OPTIMIZATION_LEVEL = 0;
				GCC_PREPROCESSOR_DEFINITIONS = (
					"$(inherited)",
					"DEBUG=1",
				);
				GCC_WARN_64_TO_32_BIT_CONVERSION = YES;
				GCC_WARN_ABOUT_RETURN_TYPE = YES_ERROR;
				GCC_WARN_UNDECLARED_SELECTOR = YES;
				GCC_WARN_UNINITIALIZED_AUTOS = YES_AGGRESSIVE;
				GCC_WARN_UNUSED_FUNCTION = YES;
				GCC_WARN_UNUSED_VARIABLE = YES;
				MTL_ENABLE_DEBUG_INFO = INCLUDE_SOURCE;
				MTL_FAST_MATH = YES;
				ONLY_ACTIVE_ARCH = YES;
				PRODUCT_NAME = "$(TARGET_NAME)";
				SDKROOT = iphoneos;
				SWIFT_ACTIVE_COMPILATION_CONDITIONS = DEBUG;
				SWIFT_OPTIMIZATION_LEVEL = "-Onone";
				SWIFT_VERSION = 5.0;
			};
			name = Debug;
		};
		F72B183096A23A5A6D197475 /* Release */ = {
			isa = XCBuildConfiguration;
			buildSettings = {
				ASSETCATALOG_COMPILER_APPICON_NAME = AppIcon;
				CODE_SIGN_IDENTITY = "iPhone Developer";
				DEVELOPMENT_TEAM = BD8SA4X398;
				INFOPLIST_FILE = Sources/Info.plist;
				IPHONEOS_DEPLOYMENT_TARGET = 26.0;
				LD_RUNPATH_SEARCH_PATHS = (
					"$(inherited)",
					"@executable_path/Frameworks",
				);
				PRODUCT_BUNDLE_IDENTIFIER = com.mohamedmorad.ECOdyssey;
				SDKROOT = iphoneos;
				SWIFT_STRICT_CONCURRENCY = complete;
				SWIFT_VERSION = 6.0;
				TARGETED_DEVICE_FAMILY = "1,2";
			};
			name = Release;
		};
/* End XCBuildConfiguration section */

/* Begin XCConfigurationList section */
		0E279C8C10FD6341CF9CDB0F /* Build configuration list for PBXNativeTarget "ECOdyssey" */ = {
			isa = XCConfigurationList;
			buildConfigurations = (
				97024D0A22669B77A8AA18E5 /* Debug */,
				F72B183096A23A5A6D197475 /* Release */,
			);
			defaultConfigurationIsVisible = 0;
			defaultConfigurationName = Debug;
		};
		E97C6F348577634E589CE5A4 /* Build configuration list for PBXProject "ECOdyssey" */ = {
			isa = XCConfigurationList;
			buildConfigurations = (
				EA3AD9DA3A681AA164B62985 /* Debug */,
				0474651907DF51F358291942 /* Release */,
			);
			defaultConfigurationIsVisible = 0;
			defaultConfigurationName = Debug;
		};
/* End XCConfigurationList section */

/* Begin XCLocalSwiftPackageReference section */
		085B5459F9A35FFCF7867D2F /* XCLocalSwiftPackageReference "Packages/SortingKit" */ = {
			isa = XCLocalSwiftPackageReference;
			relativePath = Packages/SortingKit;
		};
/* End XCLocalSwiftPackageReference section */

/* Begin XCSwiftPackageProductDependency section */
		93A862A07C8CEB73F644F9E1 /* SortingKit */ = {
			isa = XCSwiftPackageProductDependency;
			productName = SortingKit;
		};
/* End XCSwiftPackageProductDependency section */
	};
	rootObject = 13D04813E5F26D2BDEDD86B1 /* Project object */;
}
